<Solution>
  <Folder Name="/configuration/">
    <File Path=".editorconfig" />
    <File Path="Directory.Build.props" />
    <File Path="Directory.Packages.props" />
  </Folder>
  <Folder Name="/configuration/rules/">
    <File Path="rules/code.style.editorconfig" />
    <File Path="rules/disabled.editorconfig" />
    <File Path="rules/roslynator.editorconfig" />
    <File Path="rules/sonar.editorconfig" />
    <File Path="rules/underscore.editorconfig" />
  </Folder>
  <Folder Name="/tests/">
    <File Path="tests/.editorconfig" />
    <File Path="tests/Directory.Build.props" />
    <File Path="tests/Directory.Packages.props" />
    <Project Path="tests/Unit.Tests/Unit.Tests.csproj" />
  </Folder>
  <Project Path="KappaDuck.Quack/KappaDuck.Quack.csproj" />
</Solution>
